Microsoft Visual Studio Solution File, Format Version 12.00
# Visual Studio Version 17
VisualStudioVersion = 17.5.002.0
MinimumVisualStudioVersion = 10.0.40219.1
EndProject
Project("{FAE04EC0-301F-11D3-BF4B-00C04F79EFBC}") = "Api", "Api\Api.csproj", "{1B578356-6D80-40C1-8AB0-40C1E5B4C391}"
EndProject
Project("{FAE04EC0-301F-11D3-BF4B-00C04F79EFBC}") = "Common", "Common\Common.csproj", "{DDB6D1E4-2D02-4B57-9FD0-68531E15AFF9}"
EndProject
Global
	GlobalSection(SolutionConfigurationPlatforms) = preSolution
		Debug|Any CPU = Debug|Any CPU
		Release|Any CPU = Release|Any CPU
	EndGlobalSection
	GlobalSection(ProjectConfigurationPlatforms) = postSolution
		{61F7B763-1C79-4852-81F1-F78CE5666CA4}.Debug|Any CPU.ActiveCfg = Debug|Any CPU
		{61F7B763-1C79-4852-81F1-F78CE5666CA4}.Debug|Any CPU.Build.0 = Debug|Any CPU
		{61F7B763-1C79-4852-81F1-F78CE5666CA4}.Release|Any CPU.ActiveCfg = Release|Any CPU
		{61F7B763-1C79-4852-81F1-F78CE5666CA4}.Release|Any CPU.Build.0 = Release|Any CPU
		{1B578356-6D80-40C1-8AB0-40C1E5B4C391}.Debug|Any CPU.ActiveCfg = Debug|Any CPU
		{1B578356-6D80-40C1-8AB0-40C1E5B4C391}.Debug|Any CPU.Build.0 = Debug|Any CPU
		{1B578356-6D80-40C1-8AB0-40C1E5B4C391}.Release|Any CPU.ActiveCfg = Release|Any CPU
		{1B578356-6D80-40C1-8AB0-40C1E5B4C391}.Release|Any CPU.Build.0 = Release|Any CPU
		{DDB6D1E4-2D02-4B57-9FD0-68531E15AFF9}.Debug|Any CPU.ActiveCfg = Debug|Any CPU
		{DDB6D1E4-2D02-4B57-9FD0-68531E15AFF9}.Debug|Any CPU.Build.0 = Debug|Any CPU
		{DDB6D1E4-2D02-4B57-9FD0-68531E15AFF9}.Release|Any CPU.ActiveCfg = Release|Any CPU
		{DDB6D1E4-2D02-4B57-9FD0-68531E15AFF9}.Release|Any CPU.Build.0 = Release|Any CPU
	EndGlobalSection
	GlobalSection(SolutionProperties) = preSolution
		HideSolutionNode = FALSE
	EndGlobalSection
	GlobalSection(ExtensibilityGlobals) = postSolution
		SolutionGuid = {19AE651C-30D0-490D-8085-1241C4155FEA}
	EndGlobalSection
EndGlobal
